
Microsoft Visual Studio Solution File, Format Version 12.00
# Visual Studio 14
VisualStudioVersion = 14.0.25420.1
MinimumVisualStudioVersion = 10.0.40219.1
Project("{FAE04EC0-301F-11D3-BF4B-00C04F79EFBC}") = "Black Exercise 07-01", "Black Exercise 07-01\Black Exercise 07-01.csproj", "{88787ED1-32E2-4FF5-B17C-BFC3A3918C90}"
EndProject
Project("{FAE04EC0-301F-11D3-BF4B-00C04F79EFBC}") = "Black Exercise 07-02", "Black Exercise 07-02\Black Exercise 07-02.csproj", "{048A54A4-11FF-4D9F-8759-467B9565E35F}"
EndProject
Project("{FAE04EC0-301F-11D3-BF4B-00C04F79EFBC}") = "Black Exercise 07-03", "Black Exercise 07-03\Black Exercise 07-03.csproj", "{F7B1EE86-7116-4924-BD9A-616BD486FF4C}"
EndProject
Project("{FAE04EC0-301F-11D3-BF4B-00C04F79EFBC}") = "Black Exercise 07-04", "Black Exercise 07-04\Black Exercise 07-04.csproj", "{BB4D7D07-0458-4F8F-86E7-30888E438866}"
EndProject
Project("{FAE04EC0-301F-11D3-BF4B-00C04F79EFBC}") = "Black Exercise 07-05", "Black Exercise 07-05\Black Exercise 07-05.csproj", "{C3442021-C747-42CA-A17A-F278BB54BC9F}"
EndProject
Global
	GlobalSection(SolutionConfigurationPlatforms) = preSolution
		Debug|Any CPU = Debug|Any CPU
		Release|Any CPU = Release|Any CPU
	EndGlobalSection
	GlobalSection(ProjectConfigurationPlatforms) = postSolution
		{88787ED1-32E2-4FF5-B17C-BFC3A3918C90}.Debug|Any CPU.ActiveCfg = Debug|Any CPU
		{88787ED1-32E2-4FF5-B17C-BFC3A3918C90}.Debug|Any CPU.Build.0 = Debug|Any CPU
		{88787ED1-32E2-4FF5-B17C-BFC3A3918C90}.Release|Any CPU.ActiveCfg = Release|Any CPU
		{88787ED1-32E2-4FF5-B17C-BFC3A3918C90}.Release|Any CPU.Build.0 = Release|Any CPU
		{048A54A4-11FF-4D9F-8759-467B9565E35F}.Debug|Any CPU.ActiveCfg = Debug|Any CPU
		{048A54A4-11FF-4D9F-8759-467B9565E35F}.Debug|Any CPU.Build.0 = Debug|Any CPU
		{048A54A4-11FF-4D9F-8759-467B9565E35F}.Release|Any CPU.ActiveCfg = Release|Any CPU
		{048A54A4-11FF-4D9F-8759-467B9565E35F}.Release|Any CPU.Build.0 = Release|Any CPU
		{F7B1EE86-7116-4924-BD9A-616BD486FF4C}.Debug|Any CPU.ActiveCfg = Debug|Any CPU
		{F7B1EE86-7116-4924-BD9A-616BD486FF4C}.Debug|Any CPU.Build.0 = Debug|Any CPU
		{F7B1EE86-7116-4924-BD9A-616BD486FF4C}.Release|Any CPU.ActiveCfg = Release|Any CPU
		{F7B1EE86-7116-4924-BD9A-616BD486FF4C}.Release|Any CPU.Build.0 = Release|Any CPU
		{BB4D7D07-0458-4F8F-86E7-30888E438866}.Debug|Any CPU.ActiveCfg = Debug|Any CPU
		{BB4D7D07-0458-4F8F-86E7-30888E438866}.Debug|Any CPU.Build.0 = Debug|Any CPU
		{BB4D7D07-0458-4F8F-86E7-30888E438866}.Release|Any CPU.ActiveCfg = Release|Any CPU
		{BB4D7D07-0458-4F8F-86E7-30888E438866}.Release|Any CPU.Build.0 = Release|Any CPU
		{C3442021-C747-42CA-A17A-F278BB54BC9F}.Debug|Any CPU.ActiveCfg = Debug|Any CPU
		{C3442021-C747-42CA-A17A-F278BB54BC9F}.Debug|Any CPU.Build.0 = Debug|Any CPU
		{C3442021-C747-42CA-A17A-F278BB54BC9F}.Release|Any CPU.ActiveCfg = Release|Any CPU
		{C3442021-C747-42CA-A17A-F278BB54BC9F}.Release|Any CPU.Build.0 = Release|Any CPU
	EndGlobalSection
	GlobalSection(SolutionProperties) = preSolution
		HideSolutionNode = FALSE
	EndGlobalSection
EndGlobal
