
Microsoft Visual Studio Solution File, Format Version 12.00
# Visual Studio 14
VisualStudioVersion = 14.0.25123.0
MinimumVisualStudioVersion = 10.0.40219.1
Project("{FAE04EC0-301F-11D3-BF4B-00C04F79EFBC}") = "Slide08", "Slide08\Slide08.csproj", "{64F5972C-5E7D-48CF-A5CC-CC08840A19F8}"
EndProject
Project("{FAE04EC0-301F-11D3-BF4B-00C04F79EFBC}") = "Slide09", "Slide09\Slide09.csproj", "{75AAA6E5-6551-4511-8CCE-8E000766046E}"
EndProject
Project("{FAE04EC0-301F-11D3-BF4B-00C04F79EFBC}") = "Slide10", "Slide10\Slide10.csproj", "{F567196F-5D87-40BA-8D51-FB616419FEB2}"
EndProject
Global
	GlobalSection(SolutionConfigurationPlatforms) = preSolution
		Debug|Any CPU = Debug|Any CPU
		Release|Any CPU = Release|Any CPU
	EndGlobalSection
	GlobalSection(ProjectConfigurationPlatforms) = postSolution
		{64F5972C-5E7D-48CF-A5CC-CC08840A19F8}.Debug|Any CPU.ActiveCfg = Debug|Any CPU
		{64F5972C-5E7D-48CF-A5CC-CC08840A19F8}.Debug|Any CPU.Build.0 = Debug|Any CPU
		{64F5972C-5E7D-48CF-A5CC-CC08840A19F8}.Release|Any CPU.ActiveCfg = Release|Any CPU
		{64F5972C-5E7D-48CF-A5CC-CC08840A19F8}.Release|Any CPU.Build.0 = Release|Any CPU
		{75AAA6E5-6551-4511-8CCE-8E000766046E}.Debug|Any CPU.ActiveCfg = Debug|Any CPU
		{75AAA6E5-6551-4511-8CCE-8E000766046E}.Debug|Any CPU.Build.0 = Debug|Any CPU
		{75AAA6E5-6551-4511-8CCE-8E000766046E}.Release|Any CPU.ActiveCfg = Release|Any CPU
		{75AAA6E5-6551-4511-8CCE-8E000766046E}.Release|Any CPU.Build.0 = Release|Any CPU
		{F567196F-5D87-40BA-8D51-FB616419FEB2}.Debug|Any CPU.ActiveCfg = Debug|Any CPU
		{F567196F-5D87-40BA-8D51-FB616419FEB2}.Debug|Any CPU.Build.0 = Debug|Any CPU
		{F567196F-5D87-40BA-8D51-FB616419FEB2}.Release|Any CPU.ActiveCfg = Release|Any CPU
		{F567196F-5D87-40BA-8D51-FB616419FEB2}.Release|Any CPU.Build.0 = Release|Any CPU
	EndGlobalSection
	GlobalSection(SolutionProperties) = preSolution
		HideSolutionNode = FALSE
	EndGlobalSection
EndGlobal
