
Microsoft Visual Studio Solution File, Format Version 12.00
# Visual Studio 14
VisualStudioVersion = 14.0.25123.0
MinimumVisualStudioVersion = 10.0.40219.1
Project("{FAE04EC0-301F-11D3-BF4B-00C04F79EFBC}") = "Slide06", "Slide06\Slide06.csproj", "{EAE16582-4B55-4C17-AF0B-D872526A7A17}"
EndProject
Project("{FAE04EC0-301F-11D3-BF4B-00C04F79EFBC}") = "Black0601", "Black0601\Black0601.csproj", "{2F17D8F9-8A33-4667-B595-12E95C5F6E11}"
EndProject
Project("{FAE04EC0-301F-11D3-BF4B-00C04F79EFBC}") = "Black0602", "Black0602\Black0602.csproj", "{4A596042-CAFC-4758-9A7D-33B189B3B965}"
EndProject
Project("{FAE04EC0-301F-11D3-BF4B-00C04F79EFBC}") = "Black0603", "Black0603\Black0603.csproj", "{428CFD1D-DBDE-4805-ACA8-A5B936EE4F0F}"
EndProject
Project("{FAE04EC0-301F-11D3-BF4B-00C04F79EFBC}") = "Black0604", "Black0604\Black0604.csproj", "{0B82B135-19B0-463D-9483-3D9EFC20D6D9}"
EndProject
Project("{FAE04EC0-301F-11D3-BF4B-00C04F79EFBC}") = "Black0605", "Black0605\Black0605.csproj", "{C5E43C9D-D559-4E70-8576-38416F2FC398}"
EndProject
Project("{FAE04EC0-301F-11D3-BF4B-00C04F79EFBC}") = "Black0606", "Black0606\Black0606.csproj", "{9030F3CD-7661-4E59-B419-1E4F312DAB81}"
EndProject
Project("{FAE04EC0-301F-11D3-BF4B-00C04F79EFBC}") = "Black0607", "Black0607\Black0607.csproj", "{96D3979D-F7D8-4F3B-9F50-8FD60B04E26E}"
EndProject
Project("{FAE04EC0-301F-11D3-BF4B-00C04F79EFBC}") = "Black0608", "Black0608\Black0608.csproj", "{1E89713B-4069-40DB-A27B-4FB15EAED0BA}"
EndProject
Project("{FAE04EC0-301F-11D3-BF4B-00C04F79EFBC}") = "Black0609", "Black0609\Black0609.csproj", "{757E9314-58D0-4D98-B3BE-4724F529FD0C}"
EndProject
Global
	GlobalSection(SolutionConfigurationPlatforms) = preSolution
		Debug|Any CPU = Debug|Any CPU
		Release|Any CPU = Release|Any CPU
	EndGlobalSection
	GlobalSection(ProjectConfigurationPlatforms) = postSolution
		{EAE16582-4B55-4C17-AF0B-D872526A7A17}.Debug|Any CPU.ActiveCfg = Debug|Any CPU
		{EAE16582-4B55-4C17-AF0B-D872526A7A17}.Debug|Any CPU.Build.0 = Debug|Any CPU
		{EAE16582-4B55-4C17-AF0B-D872526A7A17}.Release|Any CPU.ActiveCfg = Release|Any CPU
		{EAE16582-4B55-4C17-AF0B-D872526A7A17}.Release|Any CPU.Build.0 = Release|Any CPU
		{2F17D8F9-8A33-4667-B595-12E95C5F6E11}.Debug|Any CPU.ActiveCfg = Debug|Any CPU
		{2F17D8F9-8A33-4667-B595-12E95C5F6E11}.Debug|Any CPU.Build.0 = Debug|Any CPU
		{2F17D8F9-8A33-4667-B595-12E95C5F6E11}.Release|Any CPU.ActiveCfg = Release|Any CPU
		{2F17D8F9-8A33-4667-B595-12E95C5F6E11}.Release|Any CPU.Build.0 = Release|Any CPU
		{4A596042-CAFC-4758-9A7D-33B189B3B965}.Debug|Any CPU.ActiveCfg = Debug|Any CPU
		{4A596042-CAFC-4758-9A7D-33B189B3B965}.Debug|Any CPU.Build.0 = Debug|Any CPU
		{4A596042-CAFC-4758-9A7D-33B189B3B965}.Release|Any CPU.ActiveCfg = Release|Any CPU
		{4A596042-CAFC-4758-9A7D-33B189B3B965}.Release|Any CPU.Build.0 = Release|Any CPU
		{428CFD1D-DBDE-4805-ACA8-A5B936EE4F0F}.Debug|Any CPU.ActiveCfg = Debug|Any CPU
		{428CFD1D-DBDE-4805-ACA8-A5B936EE4F0F}.Debug|Any CPU.Build.0 = Debug|Any CPU
		{428CFD1D-DBDE-4805-ACA8-A5B936EE4F0F}.Release|Any CPU.ActiveCfg = Release|Any CPU
		{428CFD1D-DBDE-4805-ACA8-A5B936EE4F0F}.Release|Any CPU.Build.0 = Release|Any CPU
		{0B82B135-19B0-463D-9483-3D9EFC20D6D9}.Debug|Any CPU.ActiveCfg = Debug|Any CPU
		{0B82B135-19B0-463D-9483-3D9EFC20D6D9}.Debug|Any CPU.Build.0 = Debug|Any CPU
		{0B82B135-19B0-463D-9483-3D9EFC20D6D9}.Release|Any CPU.ActiveCfg = Release|Any CPU
		{0B82B135-19B0-463D-9483-3D9EFC20D6D9}.Release|Any CPU.Build.0 = Release|Any CPU
		{C5E43C9D-D559-4E70-8576-38416F2FC398}.Debug|Any CPU.ActiveCfg = Debug|Any CPU
		{C5E43C9D-D559-4E70-8576-38416F2FC398}.Debug|Any CPU.Build.0 = Debug|Any CPU
		{C5E43C9D-D559-4E70-8576-38416F2FC398}.Release|Any CPU.ActiveCfg = Release|Any CPU
		{C5E43C9D-D559-4E70-8576-38416F2FC398}.Release|Any CPU.Build.0 = Release|Any CPU
		{9030F3CD-7661-4E59-B419-1E4F312DAB81}.Debug|Any CPU.ActiveCfg = Debug|Any CPU
		{9030F3CD-7661-4E59-B419-1E4F312DAB81}.Debug|Any CPU.Build.0 = Debug|Any CPU
		{9030F3CD-7661-4E59-B419-1E4F312DAB81}.Release|Any CPU.ActiveCfg = Release|Any CPU
		{9030F3CD-7661-4E59-B419-1E4F312DAB81}.Release|Any CPU.Build.0 = Release|Any CPU
		{96D3979D-F7D8-4F3B-9F50-8FD60B04E26E}.Debug|Any CPU.ActiveCfg = Debug|Any CPU
		{96D3979D-F7D8-4F3B-9F50-8FD60B04E26E}.Debug|Any CPU.Build.0 = Debug|Any CPU
		{96D3979D-F7D8-4F3B-9F50-8FD60B04E26E}.Release|Any CPU.ActiveCfg = Release|Any CPU
		{96D3979D-F7D8-4F3B-9F50-8FD60B04E26E}.Release|Any CPU.Build.0 = Release|Any CPU
		{1E89713B-4069-40DB-A27B-4FB15EAED0BA}.Debug|Any CPU.ActiveCfg = Debug|Any CPU
		{1E89713B-4069-40DB-A27B-4FB15EAED0BA}.Debug|Any CPU.Build.0 = Debug|Any CPU
		{1E89713B-4069-40DB-A27B-4FB15EAED0BA}.Release|Any CPU.ActiveCfg = Release|Any CPU
		{1E89713B-4069-40DB-A27B-4FB15EAED0BA}.Release|Any CPU.Build.0 = Release|Any CPU
		{757E9314-58D0-4D98-B3BE-4724F529FD0C}.Debug|Any CPU.ActiveCfg = Debug|Any CPU
		{757E9314-58D0-4D98-B3BE-4724F529FD0C}.Debug|Any CPU.Build.0 = Debug|Any CPU
		{757E9314-58D0-4D98-B3BE-4724F529FD0C}.Release|Any CPU.ActiveCfg = Release|Any CPU
		{757E9314-58D0-4D98-B3BE-4724F529FD0C}.Release|Any CPU.Build.0 = Release|Any CPU
	EndGlobalSection
	GlobalSection(SolutionProperties) = preSolution
		HideSolutionNode = FALSE
	EndGlobalSection
EndGlobal
